
Microsoft Visual Studio Solution File, Format Version 12.00
# Visual Studio 14
VisualStudioVersion = 14.0.23107.0
MinimumVisualStudioVersion = 10.0.40219.1
Project("{2150E333-8FDC-42A3-9474-1A3956D46DE8}") = "src", "src", "{AA4F1E6E-A38C-4B83-A80D-9270E5DB1540}"
EndProject
Project("{2150E333-8FDC-42A3-9474-1A3956D46DE8}") = "Solution Items", "Solution Items", "{5C425D71-4016-43DB-807B-E8258D181D43}"
	ProjectSection(SolutionItems) = preProject
		global.json = global.json
		NuGet.Config = NuGet.Config
	EndProjectSection
EndProject
Project("{8BB2217D-0F2D-49D1-97BC-3654ED321F3B}") = "cef", "src\cef\cef.xproj", "{65A504AB-6803-4875-9B08-D60EAC2721B6}"
EndProject
Global
	GlobalSection(SolutionConfigurationPlatforms) = preSolution
		Debug|Any CPU = Debug|Any CPU
		Release|Any CPU = Release|Any CPU
	EndGlobalSection
	GlobalSection(ProjectConfigurationPlatforms) = postSolution
		{65A504AB-6803-4875-9B08-D60EAC2721B6}.Debug|Any CPU.ActiveCfg = Debug|Any CPU
		{65A504AB-6803-4875-9B08-D60EAC2721B6}.Debug|Any CPU.Build.0 = Debug|Any CPU
		{65A504AB-6803-4875-9B08-D60EAC2721B6}.Release|Any CPU.ActiveCfg = Release|Any CPU
		{65A504AB-6803-4875-9B08-D60EAC2721B6}.Release|Any CPU.Build.0 = Release|Any CPU
	EndGlobalSection
	GlobalSection(SolutionProperties) = preSolution
		HideSolutionNode = FALSE
	EndGlobalSection
	GlobalSection(NestedProjects) = preSolution
		{65A504AB-6803-4875-9B08-D60EAC2721B6} = {AA4F1E6E-A38C-4B83-A80D-9270E5DB1540}
	EndGlobalSection
EndGlobal
